# This file is automatically @generated by Cargo.
# It is not intended for manual editing.
version = 4

[[package]]
name = "client"
version = "0.1.0"

[[package]]
name = "engine-core"
version = "0.1.0"

[[package]]
name = "platform"
version = "0.1.0"

[[package]]
name = "protocol"
version = "0.1.0"

[[package]]
name = "replication"
version = "0.1.0"

[[package]]
name = "scripting"
version = "0.1.0"

[[package]]
name = "server"
version = "0.1.0"

[[package]]
name = "services"
version = "0.1.0"

[[package]]
name = "transport"
version = "0.1.0"
